Microsoft Visual Studio Solution File, Format Version 12.00
# Visual Studio 2012
Project("{FAE04EC0-301F-11D3-BF4B-00C04F79EFBC}") = "Consensus", "Consensus.csproj", "{A9C9B828-580C-41A0-918E-5BB9A5B2C1CD}"
EndProject
Global
	GlobalSection(SolutionConfigurationPlatforms) = preSolution
	Debug|Any CPU = Debug|Any CPU
	ExportDebug|Any CPU = ExportDebug|Any CPU
	ExportRelease|Any CPU = ExportRelease|Any CPU
	EndGlobalSection
	GlobalSection(ProjectConfigurationPlatforms) = postSolution
		{A9C9B828-580C-41A0-918E-5BB9A5B2C1CD}.Debug|Any CPU.ActiveCfg = Debug|Any CPU
		{A9C9B828-580C-41A0-918E-5BB9A5B2C1CD}.Debug|Any CPU.Build.0 = Debug|Any CPU
		{A9C9B828-580C-41A0-918E-5BB9A5B2C1CD}.ExportDebug|Any CPU.ActiveCfg = ExportDebug|Any CPU
		{A9C9B828-580C-41A0-918E-5BB9A5B2C1CD}.ExportDebug|Any CPU.Build.0 = ExportDebug|Any CPU
		{A9C9B828-580C-41A0-918E-5BB9A5B2C1CD}.ExportRelease|Any CPU.ActiveCfg = ExportRelease|Any CPU
		{A9C9B828-580C-41A0-918E-5BB9A5B2C1CD}.ExportRelease|Any CPU.Build.0 = ExportRelease|Any CPU
	EndGlobalSection
EndGlobal
